// !$*UTF8*$!
{
	archiveVersion = 1;
	classes = {
	};
	objectVersion = 46;
	objects = {

/* Begin PBXBuildFile section */
		1ED979921A568B9400904C91 /* Foundation.framework in Frameworks */ = {isa = PBXBuildFile; fileRef = 1ED979911A568B9400904C91 /* Foundation.framework */; };
		1ED979941A568B9400904C91 /* CoreGraphics.framework in Frameworks */ = {isa = PBXBuildFile; fileRef = 1ED979931A568B9400904C91 /* CoreGraphics.framework */; };
		1ED979961A568B9400904C91 /* UIKit.framework in Frameworks */ = {isa = PBXBuildFile; fileRef = 1ED979951A568B9400904C91 /* UIKit.framework */; };
		1ED9799C1A568B9400904C91 /* InfoPlist.strings in Resources */ = {isa = PBXBuildFile; fileRef = 1ED9799A1A568B9400904C91 /* InfoPlist.strings */; };
		1ED9799E1A568B9400904C91 /* main.m in Sources */ = {isa = PBXBuildFile; fileRef = 1ED9799D1A568B9400904C91 /* main.m */; };
		1ED979A21A568B9400904C91 /* AppDelegate.m in Sources */ = {isa = PBXBuildFile; fileRef = 1ED979A11A568B9400904C91 /* AppDelegate.m */; };
		1ED979A51A568B9400904C91 /* Main.storyboard in Resources */ = {isa = PBXBuildFile; fileRef = 1ED979A31A568B9400904C91 /* Main.storyboard */; };
		1ED979A81A568B9400904C91 /* MasterViewController.m in Sources */ = {isa = PBXBuildFile; fileRef = 1ED979A71A568B9400904C91 /* MasterViewController.m */; };
		1ED979AD1A568B9400904C91 /* Images.xcassets in Resources */ = {isa = PBXBuildFile; fileRef = 1ED979AC1A568B9400904C91 /* Images.xcassets */; };
		1ED979B41A568B9400904C91 /* XCTest.framework in Frameworks */ = {isa = PBXBuildFile; fileRef = 1ED979B31A568B9400904C91 /* XCTest.framework */; };
		1ED979B51A568B9400904C91 /* Foundation.framework in Frameworks */ = {isa = PBXBuildFile; fileRef = 1ED979911A568B9400904C91 /* Foundation.framework */; };
		1ED979B61A568B9400904C91 /* UIKit.framework in Frameworks */ = {isa = PBXBuildFile; fileRef = 1ED979951A568B9400904C91 /* UIKit.framework */; };
		1ED979BE1A568B9400904C91 /* InfoPlist.strings in Resources */ = {isa = PBXBuildFile; fileRef = 1ED979BC1A568B9400904C91 /* InfoPlist.strings */; };
		1ED979C01A568B9400904C91 /* CoffeeKit_ghTests.m in Sources */ = {isa = PBXBuildFile; fileRef = 1ED979BF1A568B9400904C91 /* CoffeeKit_ghTests.m */; };
/* End PBXBuildFile section */

/* Begin PBXContainerItemProxy section */
		1ED979B71A568B9400904C91 /* PBXContainerItemProxy */ = {
			isa = PBXContainerItemProxy;
			containerPortal = 1ED979861A568B9300904C91 /* Project object */;
			proxyType = 1;
			remoteGlobalIDString = 1ED9798D1A568B9400904C91;
			remoteInfo = CoffeeKit_gh;
		};
		1ED979D11A568CCD00904C91 /* PBXContainerItemProxy */ = {
			isa = PBXContainerItemProxy;
			containerPortal = 1ED979CA1A568CCC00904C91 /* RestKit.xcodeproj */;
			proxyType = 2;
			remoteGlobalIDString = 25160D1614564E810060A5C5;
			remoteInfo = RestKit;
		};
		1ED979D31A568CCD00904C91 /* PBXContainerItemProxy */ = {
			isa = PBXContainerItemProxy;
			containerPortal = 1ED979CA1A568CCC00904C91 /* RestKit.xcodeproj */;
			proxyType = 2;
			remoteGlobalIDString = 25160D2614564E820060A5C5;
			remoteInfo = RestKitTests;
		};
		1ED979D51A568CCD00904C91 /* PBXContainerItemProxy */ = {
			isa = PBXContainerItemProxy;
			containerPortal = 1ED979CA1A568CCC00904C91 /* RestKit.xcodeproj */;
			proxyType = 2;
			remoteGlobalIDString = 25160E62145651060060A5C5;
			remoteInfo = RestKitFramework;
		};
		1ED979D71A568CCD00904C91 /* PBXContainerItemProxy */ = {
			isa = PBXContainerItemProxy;
			containerPortal = 1ED979CA1A568CCC00904C91 /* RestKit.xcodeproj */;
			proxyType = 2;
			remoteGlobalIDString = 25160E78145651060060A5C5;
			remoteInfo = RestKitFrameworkTests;
		};
/* End PBXContainerItemProxy section */

/* Begin PBXFileReference section */
		1ED9798E1A568B9400904C91 /* CoffeeKit_gh.app */ = {isa = PBXFileReference; explicitFileType = wrapper.application; includeInIndex = 0; path = CoffeeKit_gh.app; sourceTree = BUILT_PRODUCTS_DIR; };
		1ED979911A568B9400904C91 /* Foundation.framework */ = {isa = PBXFileReference; lastKnownFileType = wrapper.framework; name = Foundation.framework; path = System/Library/Frameworks/Foundation.framework; sourceTree = SDKROOT; };
		1ED979931A568B9400904C91 /* CoreGraphics.framework */ = {isa = PBXFileReference; lastKnownFileType = wrapper.framework; name = CoreGraphics.framework; path = System/Library/Frameworks/CoreGraphics.framework; sourceTree = SDKROOT; };
		1ED979951A568B9400904C91 /* UIKit.framework */ = {isa = PBXFileReference; lastKnownFileType = wrapper.framework; name = UIKit.framework; path = System/Library/Frameworks/UIKit.framework; sourceTree = SDKROOT; };
		1ED979991A568B9400904C91 /* CoffeeKit_gh-Info.plist */ = {isa = PBXFileReference; lastKnownFileType = text.plist.xml; path = "CoffeeKit_gh-Info.plist"; sourceTree = "<group>"; };
		1ED9799B1A568B9400904C91 /* en */ = {isa = PBXFileReference; lastKnownFileType = text.plist.strings; name = en; path = en.lproj/InfoPlist.strings; sourceTree = "<group>"; };
		1ED9799D1A568B9400904C91 /* main.m */ = {isa = PBXFileReference; lastKnownFileType = sourcecode.c.objc; path = main.m; sourceTree = "<group>"; };
		1ED9799F1A568B9400904C91 /* CoffeeKit_gh-Prefix.pch */ = {isa = PBXFileReference; lastKnownFileType = sourcecode.c.h; path = "CoffeeKit_gh-Prefix.pch"; sourceTree = "<group>"; };
		1ED979A01A568B9400904C91 /* AppDelegate.h */ = {isa = PBXFileReference; lastKnownFileType = sourcecode.c.h; path = AppDelegate.h; sourceTree = "<group>"; };
		1ED979A11A568B9400904C91 /* AppDelegate.m */ = {isa = PBXFileReference; lastKnownFileType = sourcecode.c.objc; path = AppDelegate.m; sourceTree = "<group>"; };
		1ED979A41A568B9400904C91 /* Base */ = {isa = PBXFileReference; lastKnownFileType = file.storyboard; name = Base; path = Base.lproj/Main.storyboard; sourceTree = "<group>"; };
		1ED979A61A568B9400904C91 /* MasterViewController.h */ = {isa = PBXFileReference; lastKnownFileType = sourcecode.c.h; path = MasterViewController.h; sourceTree = "<group>"; };
		1ED979A71A568B9400904C91 /* MasterViewController.m */ = {isa = PBXFileReference; lastKnownFileType = sourcecode.c.objc; path = MasterViewController.m; sourceTree = "<group>"; };
		1ED979AC1A568B9400904C91 /* Images.xcassets */ = {isa = PBXFileReference; lastKnownFileType = folder.assetcatalog; path = Images.xcassets; sourceTree = "<group>"; };
		1ED979B21A568B9400904C91 /* CoffeeKit_ghTests.xctest */ = {isa = PBXFileReference; explicitFileType = wrapper.cfbundle; includeInIndex = 0; path = CoffeeKit_ghTests.xctest; sourceTree = BUILT_PRODUCTS_DIR; };
		1ED979B31A568B9400904C91 /* XCTest.framework */ = {isa = PBXFileReference; lastKnownFileType = wrapper.framework; name = XCTest.framework; path = Library/Frameworks/XCTest.framework; sourceTree = DEVELOPER_DIR; };
		1ED979BB1A568B9400904C91 /* CoffeeKit_ghTests-Info.plist */ = {isa = PBXFileReference; lastKnownFileType = text.plist.xml; path = "CoffeeKit_ghTests-Info.plist"; sourceTree = "<group>"; };
		1ED979BD1A568B9400904C91 /* en */ = {isa = PBXFileReference; lastKnownFileType = text.plist.strings; name = en; path = en.lproj/InfoPlist.strings; sourceTree = "<group>"; };
		1ED979BF1A568B9400904C91 /* CoffeeKit_ghTests.m */ = {isa = PBXFileReference; lastKnownFileType = sourcecode.c.objc; path = CoffeeKit_ghTests.m; sourceTree = "<group>"; };
		1ED979CA1A568CCC00904C91 /* RestKit.xcodeproj */ = {isa = PBXFileReference; lastKnownFileType = "wrapper.pb-project"; name = RestKit.xcodeproj; path = RestKit/RestKit.xcodeproj; sourceTree = "<group>"; };
/* End PBXFileReference section */

/* Begin PBXFrameworksBuildPhase section */
		1ED9798B1A568B9400904C91 /* Frameworks */ = {
			isa = PBXFrameworksBuildPhase;
			buildActionMask = 2147483647;
			files = (
				1ED979941A568B9400904C91 /* CoreGraphics.framework in Frameworks */,
				1ED979961A568B9400904C91 /* UIKit.framework in Frameworks */,
				1ED979921A568B9400904C91 /* Foundation.framework in Frameworks */,
			);
			runOnlyForDeploymentPostprocessing = 0;
		};
		1ED979AF1A568B9400904C91 /* Frameworks */ = {
			isa = PBXFrameworksBuildPhase;
			buildActionMask = 2147483647;
			files = (
				1ED979B41A568B9400904C91 /* XCTest.framework in Frameworks */,
				1ED979B61A568B9400904C91 /* UIKit.framework in Frameworks */,
				1ED979B51A568B9400904C91 /* Foundation.framework in Frameworks */,
			);
			runOnlyForDeploymentPostprocessing = 0;
		};
/* End PBXFrameworksBuildPhase section */

/* Begin PBXGroup section */
		1ED979851A568B9300904C91 = {
			isa = PBXGroup;
			children = (
				1ED979CA1A568CCC00904C91 /* RestKit.xcodeproj */,
				1ED979971A568B9400904C91 /* CoffeeKit_gh */,
				1ED979B91A568B9400904C91 /* CoffeeKit_ghTests */,
				1ED979901A568B9400904C91 /* Frameworks */,
				1ED9798F1A568B9400904C91 /* Products */,
			);
			sourceTree = "<group>";
		};
		1ED9798F1A568B9400904C91 /* Products */ = {
			isa = PBXGroup;
			children = (
				1ED9798E1A568B9400904C91 /* CoffeeKit_gh.app */,
				1ED979B21A568B9400904C91 /* CoffeeKit_ghTests.xctest */,
			);
			name = Products;
			sourceTree = "<group>";
		};
		1ED979901A568B9400904C91 /* Frameworks */ = {
			isa = PBXGroup;
			children = (
				1ED979911A568B9400904C91 /* Foundation.framework */,
				1ED979931A568B9400904C91 /* CoreGraphics.framework */,
				1ED979951A568B9400904C91 /* UIKit.framework */,
				1ED979B31A568B9400904C91 /* XCTest.framework */,
			);
			name = Frameworks;
			sourceTree = "<group>";
		};
		1ED979971A568B9400904C91 /* CoffeeKit_gh */ = {
			isa = PBXGroup;
			children = (
				1ED979C91A568CBB00904C91 /* AppDelegate */,
				1ED979A31A568B9400904C91 /* Main.storyboard */,
				1ED979A61A568B9400904C91 /* MasterViewController.h */,
				1ED979A71A568B9400904C91 /* MasterViewController.m */,
				1ED979AC1A568B9400904C91 /* Images.xcassets */,
				1ED979981A568B9400904C91 /* Supporting Files */,
			);
			path = CoffeeKit_gh;
			sourceTree = "<group>";
		};
		1ED979981A568B9400904C91 /* Supporting Files */ = {
			isa = PBXGroup;
			children = (
				1ED979991A568B9400904C91 /* CoffeeKit_gh-Info.plist */,
				1ED9799A1A568B9400904C91 /* InfoPlist.strings */,
				1ED9799D1A568B9400904C91 /* main.m */,
				1ED9799F1A568B9400904C91 /* CoffeeKit_gh-Prefix.pch */,
			);
			name = "Supporting Files";
			sourceTree = "<group>";
		};
		1ED979B91A568B9400904C91 /* CoffeeKit_ghTests */ = {
			isa = PBXGroup;
			children = (
				1ED979BF1A568B9400904C91 /* CoffeeKit_ghTests.m */,
				1ED979BA1A568B9400904C91 /* Supporting Files */,
			);
			path = CoffeeKit_ghTests;
			sourceTree = "<group>";
		};
		1ED979BA1A568B9400904C91 /* Supporting Files */ = {
			isa = PBXGroup;
			children = (
				1ED979BB1A568B9400904C91 /* CoffeeKit_ghTests-Info.plist */,
				1ED979BC1A568B9400904C91 /* InfoPlist.strings */,
			);
			name = "Supporting Files";
			sourceTree = "<group>";
		};
		1ED979C91A568CBB00904C91 /* AppDelegate */ = {
			isa = PBXGroup;
			children = (
				1ED979A01A568B9400904C91 /* AppDelegate.h */,
				1ED979A11A568B9400904C91 /* AppDelegate.m */,
			);
			name = AppDelegate;
			sourceTree = "<group>";
		};
		1ED979CB1A568CCC00904C91 /* Products */ = {
			isa = PBXGroup;
			children = (
				1ED979D21A568CCD00904C91 /* libRestKit.a */,
				1ED979D41A568CCD00904C91 /* RestKitTests.xctest */,
				1ED979D61A568CCD00904C91 /* RestKit.framework */,
				1ED979D81A568CCD00904C91 /* RestKitFrameworkTests.xctest */,
			);
			name = Products;
			sourceTree = "<group>";
		};
/* End PBXGroup section */

/* Begin PBXNativeTarget section */
		1ED9798D1A568B9400904C91 /* CoffeeKit_gh */ = {
			isa = PBXNativeTarget;
			buildConfigurationList = 1ED979C31A568B9400904C91 /* Build configuration list for PBXNativeTarget "CoffeeKit_gh" */;
			buildPhases = (
				1ED9798A1A568B9400904C91 /* Sources */,
				1ED9798B1A568B9400904C91 /* Frameworks */,
				1ED9798C1A568B9400904C91 /* Resources */,
			);
			buildRules = (
			);
			dependencies = (
			);
			name = CoffeeKit_gh;
			productName = CoffeeKit_gh;
			productReference = 1ED9798E1A568B9400904C91 /* CoffeeKit_gh.app */;
			productType = "com.apple.product-type.application";
		};
		1ED979B11A568B9400904C91 /* CoffeeKit_ghTests */ = {
			isa = PBXNativeTarget;
			buildConfigurationList = 1ED979C61A568B9400904C91 /* Build configuration list for PBXNativeTarget "CoffeeKit_ghTests" */;
			buildPhases = (
				1ED979AE1A568B9400904C91 /* Sources */,
				1ED979AF1A568B9400904C91 /* Frameworks */,
				1ED979B01A568B9400904C91 /* Resources */,
			);
			buildRules = (
			);
			dependencies = (
				1ED979B81A568B9400904C91 /* PBXTargetDependency */,
			);
			name = CoffeeKit_ghTests;
			productName = CoffeeKit_ghTests;
			productReference = 1ED979B21A568B9400904C91 /* CoffeeKit_ghTests.xctest */;
			productType = "com.apple.product-type.bundle.unit-test";
		};
/* End PBXNativeTarget section */

/* Begin PBXProject section */
		1ED979861A568B9300904C91 /* Project object */ = {
			isa = PBXProject;
			attributes = {
				LastUpgradeCheck = 0510;
				ORGANIZATIONNAME = "Dejan Kumric";
				TargetAttributes = {
					1ED979B11A568B9400904C91 = {
						TestTargetID = 1ED9798D1A568B9400904C91;
					};
				};
			};
			buildConfigurationList = 1ED979891A568B9400904C91 /* Build configuration list for PBXProject "CoffeeKit_gh" */;
			compatibilityVersion = "Xcode 3.2";
			developmentRegion = English;
			hasScannedForEncodings = 0;
			knownRegions = (
				en,
				Base,
			);
			mainGroup = 1ED979851A568B9300904C91;
			productRefGroup = 1ED9798F1A568B9400904C91 /* Products */;
			projectDirPath = "";
			projectReferences = (
				{
					ProductGroup = 1ED979CB1A568CCC00904C91 /* Products */;
					ProjectRef = 1ED979CA1A568CCC00904C91 /* RestKit.xcodeproj */;
				},
			);
			projectRoot = "";
			targets = (
				1ED9798D1A568B9400904C91 /* CoffeeKit_gh */,
				1ED979B11A568B9400904C91 /* CoffeeKit_ghTests */,
			);
		};
/* End PBXProject section */

/* Begin PBXReferenceProxy section */
		1ED979D21A568CCD00904C91 /* libRestKit.a */ = {
			isa = PBXReferenceProxy;
			fileType = archive.ar;
			path = libRestKit.a;
			remoteRef = 1ED979D11A568CCD00904C91 /* PBXContainerItemProxy */;
			sourceTree = BUILT_PRODUCTS_DIR;
		};
		1ED979D41A568CCD00904C91 /* RestKitTests.xctest */ = {
			isa = PBXReferenceProxy;
			fileType = wrapper.cfbundle;
			path = RestKitTests.xctest;
			remoteRef = 1ED979D31A568CCD00904C91 /* PBXContainerItemProxy */;
			sourceTree = BUILT_PRODUCTS_DIR;
		};
		1ED979D61A568CCD00904C91 /* RestKit.framework */ = {
			isa = PBXReferenceProxy;
			fileType = wrapper.framework;
			path = RestKit.framework;
			remoteRef = 1ED979D51A568CCD00904C91 /* PBXContainerItemProxy */;
			sourceTree = BUILT_PRODUCTS_DIR;
		};
		1ED979D81A568CCD00904C91 /* RestKitFrameworkTests.xctest */ = {
			isa = PBXReferenceProxy;
			fileType = wrapper.cfbundle;
			path = RestKitFrameworkTests.xctest;
			remoteRef = 1ED979D71A568CCD00904C91 /* PBXContainerItemProxy */;
			sourceTree = BUILT_PRODUCTS_DIR;
		};
/* End PBXReferenceProxy section */

/* Begin PBXResourcesBuildPhase section */
		1ED9798C1A568B9400904C91 /* Resources */ = {
			isa = PBXResourcesBuildPhase;
			buildActionMask = 2147483647;
			files = (
				1ED979AD1A568B9400904C91 /* Images.xcassets in Resources */,
				1ED9799C1A568B9400904C91 /* InfoPlist.strings in Resources */,
				1ED979A51A568B9400904C91 /* Main.storyboard in Resources */,
			);
			runOnlyForDeploymentPostprocessing = 0;
		};
		1ED979B01A568B9400904C91 /* Resources */ = {
			isa = PBXResourcesBuildPhase;
			buildActionMask = 2147483647;
			files = (
				1ED979BE1A568B9400904C91 /* InfoPlist.strings in Resources */,
			);
			runOnlyForDeploymentPostprocessing = 0;
		};
/* End PBXResourcesBuildPhase section */

/* Begin PBXSourcesBuildPhase section */
		1ED9798A1A568B9400904C91 /* Sources */ = {
			isa = PBXSourcesBuildPhase;
			buildActionMask = 2147483647;
			files = (
				1ED979A21A568B9400904C91 /* AppDelegate.m in Sources */,
				1ED979A81A568B9400904C91 /* MasterViewController.m in Sources */,
				1ED9799E1A568B9400904C91 /* main.m in Sources */,
			);
			runOnlyForDeploymentPostprocessing = 0;
		};
		1ED979AE1A568B9400904C91 /* Sources */ = {
			isa = PBXSourcesBuildPhase;
			buildActionMask = 2147483647;
			files = (
				1ED979C01A568B9400904C91 /* CoffeeKit_ghTests.m in Sources */,
			);
			runOnlyForDeploymentPostprocessing = 0;
		};
/* End PBXSourcesBuildPhase section */

/* Begin PBXTargetDependency section */
		1ED979B81A568B9400904C91 /* PBXTargetDependency */ = {
			isa = PBXTargetDependency;
			target = 1ED9798D1A568B9400904C91 /* CoffeeKit_gh */;
			targetProxy = 1ED979B71A568B9400904C91 /* PBXContainerItemProxy */;
		};
/* End PBXTargetDependency section */

/* Begin PBXVariantGroup section */
		1ED9799A1A568B9400904C91 /* InfoPlist.strings */ = {
			isa = PBXVariantGroup;
			children = (
				1ED9799B1A568B9400904C91 /* en */,
			);
			name = InfoPlist.strings;
			sourceTree = "<group>";
		};
		1ED979A31A568B9400904C91 /* Main.storyboard */ = {
			isa = PBXVariantGroup;
			children = (
				1ED979A41A568B9400904C91 /* Base */,
			);
			name = Main.storyboard;
			sourceTree = "<group>";
		};
		1ED979BC1A568B9400904C91 /* InfoPlist.strings */ = {
			isa = PBXVariantGroup;
			children = (
				1ED979BD1A568B9400904C91 /* en */,
			);
			name = InfoPlist.strings;
			sourceTree = "<group>";
		};
/* End PBXVariantGroup section */

/* Begin XCBuildConfiguration section */
		1ED979C11A568B9400904C91 /* Debug */ = {
			isa = XCBuildConfiguration;
			buildSettings = {
				ALWAYS_SEARCH_USER_PATHS = NO;
				CLANG_CXX_LANGUAGE_STANDARD = "gnu++0x";
				CLANG_CXX_LIBRARY = "libc++";
				CLANG_ENABLE_MODULES = YES;
				CLANG_ENABLE_OBJC_ARC = YES;
				CLANG_WARN_BOOL_CONVERSION = YES;
				CLANG_WARN_CONSTANT_CONVERSION = YES;
				CLANG_WARN_DIRECT_OBJC_ISA_USAGE = YES_ERROR;
				CLANG_WARN_EMPTY_BODY = YES;
				CLANG_WARN_ENUM_CONVERSION = YES;
				CLANG_WARN_INT_CONVERSION = YES;
				CLANG_WARN_OBJC_ROOT_CLASS = YES_ERROR;
				CLANG_WARN__DUPLICATE_METHOD_MATCH = YES;
				"CODE_SIGN_IDENTITY[sdk=iphoneos*]" = "iPhone Developer";
				COPY_PHASE_STRIP = NO;
				GCC_C_LANGUAGE_STANDARD = gnu99;
				GCC_DYNAMIC_NO_PIC = NO;
				GCC_OPTIMIZATION_LEVEL = 0;
				GCC_PREPROCESSOR_DEFINITIONS = (
					"DEBUG=1",
					"$(inherited)",
				);
				GCC_SYMBOLS_PRIVATE_EXTERN = NO;
				GCC_WARN_64_TO_32_BIT_CONVERSION = YES;
				GCC_WARN_ABOUT_RETURN_TYPE = YES_ERROR;
				GCC_WARN_UNDECLARED_SELECTOR = YES;
				GCC_WARN_UNINITIALIZED_AUTOS = YES_AGGRESSIVE;
				GCC_WARN_UNUSED_FUNCTION = YES;
				GCC_WARN_UNUSED_VARIABLE = YES;
				IPHONEOS_DEPLOYMENT_TARGET = 7.1;
				ONLY_ACTIVE_ARCH = YES;
				SDKROOT = iphoneos;
			};
			name = Debug;
		};
		1ED979C21A568B9400904C91 /* Release */ = {
			isa = XCBuildConfiguration;
			buildSettings = {
				ALWAYS_SEARCH_USER_PATHS = NO;
				CLANG_CXX_LANGUAGE_STANDARD = "gnu++0x";
				CLANG_CXX_LIBRARY = "libc++";
				CLANG_ENABLE_MODULES = YES;
				CLANG_ENABLE_OBJC_ARC = YES;
				CLANG_WARN_BOOL_CONVERSION = YES;
				CLANG_WARN_CONSTANT_CONVERSION = YES;
				CLANG_WARN_DIRECT_OBJC_ISA_USAGE = YES_ERROR;
				CLANG_WARN_EMPTY_BODY = YES;
				CLANG_WARN_ENUM_CONVERSION = YES;
				CLANG_WARN_INT_CONVERSION = YES;
				CLANG_WARN_OBJC_ROOT_CLASS = YES_ERROR;
				CLANG_WARN__DUPLICATE_METHOD_MATCH = YES;
				"CODE_SIGN_IDENTITY[sdk=iphoneos*]" = "iPhone Developer";
				COPY_PHASE_STRIP = YES;
				ENABLE_NS_ASSERTIONS = NO;
				GCC_C_LANGUAGE_STANDARD = gnu99;
				GCC_WARN_64_TO_32_BIT_CONVERSION = YES;
				GCC_WARN_ABOUT_RETURN_TYPE = YES_ERROR;
				GCC_WARN_UNDECLARED_SELECTOR = YES;
				GCC_WARN_UNINITIALIZED_AUTOS = YES_AGGRESSIVE;
				GCC_WARN_UNUSED_FUNCTION = YES;
				GCC_WARN_UNUSED_VARIABLE = YES;
				IPHONEOS_DEPLOYMENT_TARGET = 7.1;
				SDKROOT = iphoneos;
				VALIDATE_PRODUCT = YES;
			};
			name = Release;
		};
		1ED979C41A568B9400904C91 /* Debug */ = {
			isa = XCBuildConfiguration;
			buildSettings = {
				ASSETCATALOG_COMPILER_APPICON_NAME = AppIcon;
				ASSETCATALOG_COMPILER_LAUNCHIMAGE_NAME = LaunchImage;
				GCC_PRECOMPILE_PREFIX_HEADER = YES;
				GCC_PREFIX_HEADER = "CoffeeKit_gh/CoffeeKit_gh-Prefix.pch";
				INFOPLIST_FILE = "CoffeeKit_gh/CoffeeKit_gh-Info.plist";
				PRODUCT_NAME = "$(TARGET_NAME)";
				WRAPPER_EXTENSION = app;
			};
			name = Debug;
		};
		1ED979C51A568B9400904C91 /* Release */ = {
			isa = XCBuildConfiguration;
			buildSettings = {
				ASSETCATALOG_COMPILER_APPICON_NAME = AppIcon;
				ASSETCATALOG_COMPILER_LAUNCHIMAGE_NAME = LaunchImage;
				GCC_PRECOMPILE_PREFIX_HEADER = YES;
				GCC_PREFIX_HEADER = "CoffeeKit_gh/CoffeeKit_gh-Prefix.pch";
				INFOPLIST_FILE = "CoffeeKit_gh/CoffeeKit_gh-Info.plist";
				PRODUCT_NAME = "$(TARGET_NAME)";
				WRAPPER_EXTENSION = app;
			};
			name = Release;
		};
		1ED979C71A568B9400904C91 /* Debug */ = {
			isa = XCBuildConfiguration;
			buildSettings = {
				BUNDLE_LOADER = "$(BUILT_PRODUCTS_DIR)/CoffeeKit_gh.app/CoffeeKit_gh";
				FRAMEWORK_SEARCH_PATHS = (
					"$(SDKROOT)/Developer/Library/Frameworks",
					"$(inherited)",
					"$(DEVELOPER_FRAMEWORKS_DIR)",
				);
				GCC_PRECOMPILE_PREFIX_HEADER = YES;
				GCC_PREFIX_HEADER = "CoffeeKit_gh/CoffeeKit_gh-Prefix.pch";
				GCC_PREPROCESSOR_DEFINITIONS = (
					"DEBUG=1",
					"$(inherited)",
				);
				INFOPLIST_FILE = "CoffeeKit_ghTests/CoffeeKit_ghTests-Info.plist";
				PRODUCT_NAME = "$(TARGET_NAME)";
				TEST_HOST = "$(BUNDLE_LOADER)";
				WRAPPER_EXTENSION = xctest;
			};
			name = Debug;
		};
		1ED979C81A568B9400904C91 /* Release */ = {
			isa = XCBuildConfiguration;
			buildSettings = {
				BUNDLE_LOADER = "$(BUILT_PRODUCTS_DIR)/CoffeeKit_gh.app/CoffeeKit_gh";
				FRAMEWORK_SEARCH_PATHS = (
					"$(SDKROOT)/Developer/Library/Frameworks",
					"$(inherited)",
					"$(DEVELOPER_FRAMEWORKS_DIR)",
				);
				GCC_PRECOMPILE_PREFIX_HEADER = YES;
				GCC_PREFIX_HEADER = "CoffeeKit_gh/CoffeeKit_gh-Prefix.pch";
				INFOPLIST_FILE = "CoffeeKit_ghTests/CoffeeKit_ghTests-Info.plist";
				PRODUCT_NAME = "$(TARGET_NAME)";
				TEST_HOST = "$(BUNDLE_LOADER)";
				WRAPPER_EXTENSION = xctest;
			};
			name = Release;
		};
/* End XCBuildConfiguration section */

/* Begin XCConfigurationList section */
		1ED979891A568B9400904C91 /* Build configuration list for PBXProject "CoffeeKit_gh" */ = {
			isa = XCConfigurationList;
			buildConfigurations = (
				1ED979C11A568B9400904C91 /* Debug */,
				1ED979C21A568B9400904C91 /* Release */,
			);
			defaultConfigurationIsVisible = 0;
			defaultConfigurationName = Release;
		};
		1ED979C31A568B9400904C91 /* Build configuration list for PBXNativeTarget "CoffeeKit_gh" */ = {
			isa = XCConfigurationList;
			buildConfigurations = (
				1ED979C41A568B9400904C91 /* Debug */,
				1ED979C51A568B9400904C91 /* Release */,
			);
			defaultConfigurationIsVisible = 0;
		};
		1ED979C61A568B9400904C91 /* Build configuration list for PBXNativeTarget "CoffeeKit_ghTests" */ = {
			isa = XCConfigurationList;
			buildConfigurations = (
				1ED979C71A568B9400904C91 /* Debug */,
				1ED979C81A568B9400904C91 /* Release */,
			);
			defaultConfigurationIsVisible = 0;
		};
/* End XCConfigurationList section */
	};
	rootObject = 1ED979861A568B9300904C91 /* Project object */;
}
